lockfileVersion: '6.0'

settings:
  autoInstallPeers: true
  excludeLinksFromLockfile: false

dependencies:
  '@clack/core':
    specifier: ^0.3.3
    version: 0.3.5
  '@clack/prompts':
    specifier: ^0.7.0
    version: 0.7.0
  commander:
    specifier: ^13.1.0
    version: 13.1.0

devDependencies:
  '@types/node':
    specifier: ^20.8.2
    version: 20.17.28
  typescript:
    specifier: ^5.2.2
    version: 5.8.2

packages:

  /@clack/core@0.3.5:
    resolution: {integrity: sha512-5cfhQNH+1VQ2xLQlmzXMqUoiaH0lRBq9/CLW9lTyMbuKLC3+xEK01tHVvyut++mLOn5urSHmkm6I0Lg9MaJSTQ==}
    dependencies:
      picocolors: 1.1.1
      sisteransi: 1.0.5
    dev: false

  /@clack/prompts@0.7.0:
    resolution: {integrity: sha512-0MhX9/B4iL6Re04jPrttDm+BsP8y6mS7byuv0BvXgdXhbV5PdlsHt55dvNsuBCPZ7xq1oTAOOuotR9NFbQyMSA==}
    dependencies:
      '@clack/core': 0.3.5
      picocolors: 1.1.1
      sisteransi: 1.0.5
    dev: false
    bundledDependencies:
      - is-unicode-supported

  /@types/node@20.17.28:
    resolution: {integrity: sha512-DHlH/fNL6Mho38jTy7/JT7sn2wnXI+wULR6PV4gy4VHLVvnrV/d3pHAMQHhc4gjdLmK2ZiPoMxzp6B3yRajLSQ==}
    dependencies:
      undici-types: 6.19.8
    dev: true

  /commander@13.1.0:
    resolution: {integrity: sha512-/rFeCpNJQbhSZjGVwO9RFV3xPqbnERS8MmIQzCtD/zl6gpJuV/bMLuN92oG3F7d8oDEHHRrujSXNUr8fpjntKw==}
    engines: {node: '>=18'}
    dev: false

  /picocolors@1.1.1:
    resolution: {integrity: sha512-xceH2snhtb5M9liqDsmEw56le376mTZkEX/jEb/RxNFyegNul7eNslCXP9FDj/Lcu0X8KEyMceP2ntpaHrDEVA==}
    dev: false

  /sisteransi@1.0.5:
    resolution: {integrity: sha512-bLGGlR1QxBcynn2d5YmDX4MGjlZvy2MRBDRNHLJ8VI6l6+9FUiyTFNJ0IveOSP0bcXgVDPRcfGqA0pjaqUpfVg==}
    dev: false

  /typescript@5.8.2:
    resolution: {integrity: sha512-aJn6wq13/afZp/jT9QZmwEjDqqvSGp1VT5GVg+f/t6/oVyrgXM6BY1h9BRh/O5p3PlUPAe+WuiEZOmb/49RqoQ==}
    engines: {node: '>=14.17'}
    hasBin: true
    dev: true

  /undici-types@6.19.8:
    resolution: {integrity: sha512-ve2KP6f/JnbPBFyobGHuerC9g1FYGn/F8n1LWTwNxCEzd6IfqTwUQcNXgEtmmQ6DlRrC1hrSrBnCZPokRrDHjw==}
    dev: true
